lockfileVersion: '9.0'

settings:
  autoInstallPeers: true
  excludeLinksFromLockfile: false

importers:

  .: {}

  basic:
    dependencies:
      '@bsgames/cue':
        specifier: link:../../cc-extension-cue/packages/runtime
        version: link:../../cc-extension-cue/packages/runtime
    devDependencies:
      '@bsgames/oms-plugin-cue':
        specifier: link:../../cc-extension-cue/packages/oms-plugin-cue
        version: link:../../cc-extension-cue/packages/oms-plugin-cue
      '@oms/plugin':
        specifier: link:U:/Repos/codex-worktrees/d3b7/cc-extension-oh-my-script/packages/plugin
        version: link:../../../../codex-worktrees/d3b7/cc-extension-oh-my-script/packages/plugin

  game-ui-showcase:
    dependencies:
      '@bsgames/cue':
        specifier: link:../../cc-extension-cue/packages/runtime
        version: link:../../cc-extension-cue/packages/runtime
    devDependencies:
      '@bsgames/oms-plugin-cue':
        specifier: link:../../cc-extension-cue/packages/oms-plugin-cue
        version: link:../../cc-extension-cue/packages/oms-plugin-cue
      '@oms/plugin':
        specifier: link:U:/Repos/codex-worktrees/d3b7/cc-extension-oh-my-script/packages/plugin
        version: link:../../../../codex-worktrees/d3b7/cc-extension-oh-my-script/packages/plugin
